
Microsoft Visual Studio Solution File, Format Version 12.00
# Visual Studio Version 17
VisualStudioVersion = 17.1.32210.238
MinimumVisualStudioVersion = 10.0.40219.1
Project("{FAE04EC0-301F-11D3-BF4B-00C04F79EFBC}") = "uc1 Snakes and Ladders", "uc1 Snakes and Ladders\uc1 Snakes and Ladders.csproj", "{D104689A-BF24-41E7-8D09-128CAE3027EB}"
EndProject
Global
	GlobalSection(SolutionConfigurationPlatforms) = preSolution
		Debug|Any CPU = Debug|Any CPU
		Release|Any CPU = Release|Any CPU
	EndGlobalSection
	GlobalSection(ProjectConfigurationPlatforms) = postSolution
		{D104689A-BF24-41E7-8D09-128CAE3027EB}.Debug|Any CPU.ActiveCfg = Debug|Any CPU
		{D104689A-BF24-41E7-8D09-128CAE3027EB}.Debug|Any CPU.Build.0 = Debug|Any CPU
		{D104689A-BF24-41E7-8D09-128CAE3027EB}.Release|Any CPU.ActiveCfg = Release|Any CPU
		{D104689A-BF24-41E7-8D09-128CAE3027EB}.Release|Any CPU.Build.0 = Release|Any CPU
	EndGlobalSection
	GlobalSection(SolutionProperties) = preSolution
		HideSolutionNode = FALSE
	EndGlobalSection
	GlobalSection(ExtensibilityGlobals) = postSolution
		SolutionGuid = {162CB5E6-A431-4CF1-9B43-A9790696D572}
	EndGlobalSection
EndGlobal
